# The icil-bpp environment's core dependencies (`scripts/install_policy_env.sh bpp`, stage
# "core"), installed after torch. Pins from the environment verified on 2026-09-11; the
# packages that install ran unpinned carry the version it resolved (marked "resolved").
# Transitive dependencies resolve at install time.
numpy==1.26.4
hydra-core==1.2.0
omegaconf==2.3.1  # resolved
dill==0.3.7
einops==0.6.1
timm==1.0.20
diffusers==0.35.1
transformers==4.57.1
huggingface_hub==0.35.3
accelerate==1.10.1
safetensors==0.6.2
zarr==2.16.0
numcodecs==0.13.1
imagecodecs==2023.9.18
scipy==1.15.3
opencv-python-headless==4.11.0.86  # resolved
h5py==3.16.0  # resolved
tqdm==4.70.1  # resolved
matplotlib==3.10.9  # resolved
imageio==2.37.4  # resolved
imageio-ffmpeg==0.6.0
av==17.1.0  # resolved
pandas==2.3.3  # resolved
transforms3d==0.4.2
numba==0.61.2
easydict==1.13  # resolved
cloudpickle==2.1.0
pyzmq==27.2.0  # resolved
click==8.5.0  # resolved
threadpoolctl==3.6.0  # resolved
